
Microsoft Visual Studio Solution File, Format Version 12.00
# Visual Studio Version 17
VisualStudioVersion = 17.7.34221.43
MinimumVisualStudioVersion = 10.0.40219.1
Project("{FAE04EC0-301F-11D3-BF4B-00C04F79EFBC}") = "AntiDDoS", "StopNetLogPatch\AntiDDoS.csproj", "{172C8550-D94C-421F-940A-94287B1EBCAB}"
EndProject
Global
	GlobalSection(SolutionConfigurationPlatforms) = preSolution
		Debug|Any CPU = Debug|Any CPU
		Release|Any CPU = Release|Any CPU
	EndGlobalSection
	GlobalSection(ProjectConfigurationPlatforms) = postSolution
		{172C8550-D94C-421F-940A-94287B1EBCAB}.Debug|Any CPU.ActiveCfg = Debug|Any CPU
		{172C8550-D94C-421F-940A-94287B1EBCAB}.Debug|Any CPU.Build.0 = Debug|Any CPU
		{172C8550-D94C-421F-940A-94287B1EBCAB}.Release|Any CPU.ActiveCfg = Release|Any CPU
		{172C8550-D94C-421F-940A-94287B1EBCAB}.Release|Any CPU.Build.0 = Release|Any CPU
	EndGlobalSection
	GlobalSection(SolutionProperties) = preSolution
		HideSolutionNode = FALSE
	EndGlobalSection
	GlobalSection(ExtensibilityGlobals) = postSolution
		SolutionGuid = {1FF725FD-8768-46A9-B1C2-DCB6CA305750}
	EndGlobalSection
EndGlobal
